
Microsoft Visual Studio Solution File, Format Version 12.00
# Visual Studio Version 16
VisualStudioVersion = 16.0.30804.86
MinimumVisualStudioVersion = 10.0.40219.1
Project("{9A19103F-16F7-4668-BE54-9A1E7A4F7556}") = "BenFatto", "BenFatto.csproj", "{8BDA839A-E11A-4515-BCB3-06D40DC87F71}"
EndProject
Project("{FAE04EC0-301F-11D3-BF4B-00C04F79EFBC}") = "BenFatto.Tests", "BenFatto.Tests\BenFatto.Tests.csproj", "{87FB73D6-19F6-4EE4-B935-08153D0EF778}"
EndProject
Global
	GlobalSection(SolutionConfigurationPlatforms) = preSolution
		Debug|Any CPU = Debug|Any CPU
		Release|Any CPU = Release|Any CPU
	EndGlobalSection
	GlobalSection(ProjectConfigurationPlatforms) = postSolution
		{8BDA839A-E11A-4515-BCB3-06D40DC87F71}.Debug|Any CPU.ActiveCfg = Debug|Any CPU
		{8BDA839A-E11A-4515-BCB3-06D40DC87F71}.Debug|Any CPU.Build.0 = Debug|Any CPU
		{8BDA839A-E11A-4515-BCB3-06D40DC87F71}.Release|Any CPU.ActiveCfg = Release|Any CPU
		{8BDA839A-E11A-4515-BCB3-06D40DC87F71}.Release|Any CPU.Build.0 = Release|Any CPU
		{87FB73D6-19F6-4EE4-B935-08153D0EF778}.Debug|Any CPU.ActiveCfg = Debug|Any CPU
		{87FB73D6-19F6-4EE4-B935-08153D0EF778}.Debug|Any CPU.Build.0 = Debug|Any CPU
		{87FB73D6-19F6-4EE4-B935-08153D0EF778}.Release|Any CPU.ActiveCfg = Release|Any CPU
		{87FB73D6-19F6-4EE4-B935-08153D0EF778}.Release|Any CPU.Build.0 = Release|Any CPU
	EndGlobalSection
	GlobalSection(SolutionProperties) = preSolution
		HideSolutionNode = FALSE
	EndGlobalSection
	GlobalSection(ExtensibilityGlobals) = postSolution
		SolutionGuid = {C897EF80-0A16-48B4-A3D8-C59D39859FAA}
	EndGlobalSection
EndGlobal
